# This file is automatically @generated by Cargo.
# It is not intended for manual editing.
version = 4

[[package]]
name = "vivanta-arch-aarch64"
version = "0.1.0"
dependencies = [
 "vivanta-arch-api",
 "vivanta-boot-common",
]

[[package]]
name = "vivanta-arch-api"
version = "0.1.0"

[[package]]
name = "vivanta-arch-armv7a"
version = "0.1.0"
dependencies = [
 "vivanta-arch-api",
 "vivanta-boot-common",
]

[[package]]
name = "vivanta-arch-test-stub"
version = "0.1.0"
dependencies = [
 "vivanta-arch-api",
]

[[package]]
name = "vivanta-boot-aarch32-qemu-virt"
version = "0.1.0"
dependencies = [
 "vivanta-arch-armv7a",
 "vivanta-boot-common",
 "vivanta-boot-info",
 "vivanta-kernel",
]

[[package]]
name = "vivanta-boot-aarch64-lavender"
version = "0.1.0"
dependencies = [
 "vivanta-boot-common",
]

[[package]]
name = "vivanta-boot-aarch64-qemu-kernel"
version = "0.1.0"
dependencies = [
 "vivanta-arch-aarch64",
 "vivanta-boot-common",
 "vivanta-boot-info",
 "vivanta-kernel",
]

[[package]]
name = "vivanta-boot-common"
version = "0.1.0"
dependencies = [
 "vivanta-boot-info",
]

[[package]]
name = "vivanta-boot-info"
version = "0.1.0"

[[package]]
name = "vivanta-kernel"
version = "0.1.0"
dependencies = [
 "vivanta-arch-api",
 "vivanta-boot-common",
 "vivanta-boot-info",
]

[[package]]
name = "vivanta-kernel-memory-frozen"
version = "0.1.0"
dependencies = [
 "vivanta-boot-common",
]

[[package]]
name = "vivanta-platform-allwinner-h616"
version = "0.1.0"
dependencies = [
 "vivanta-boot-common",
]

[[package]]
name = "vivanta-platform-qemu"
version = "0.1.0"
dependencies = [
 "vivanta-boot-common",
]

[[package]]
name = "vivanta-platform-rk3568"
version = "0.1.0"
dependencies = [
 "vivanta-boot-common",
]

[[package]]
name = "vivanta-platform-sdm660"
version = "0.1.0"
dependencies = [
 "vivanta-boot-common",
]

[[package]]
name = "vivanta-rk3568-legacy"
version = "0.1.0"
dependencies = [
 "vivanta-boot-common",
 "vivanta-boot-info",
]

[[package]]
name = "vivanta-target-lavender"
version = "0.1.0"
dependencies = [
 "vivanta-arch-aarch64",
 "vivanta-arch-api",
 "vivanta-boot-common",
 "vivanta-boot-info",
 "vivanta-kernel",
 "vivanta-platform-sdm660",
]

[[package]]
name = "vivanta-target-qemu-aarch64"
version = "0.1.0"
dependencies = [
 "vivanta-arch-aarch64",
 "vivanta-arch-api",
 "vivanta-boot-common",
 "vivanta-boot-info",
 "vivanta-kernel",
 "vivanta-platform-qemu",
]

[[package]]
name = "vivanta-target-qemu-armv7a"
version = "0.1.0"
dependencies = [
 "vivanta-arch-api",
 "vivanta-arch-armv7a",
 "vivanta-boot-common",
 "vivanta-boot-info",
 "vivanta-kernel",
 "vivanta-platform-qemu",
]

[[package]]
name = "vivanta-target-rk3568"
version = "0.1.0"
dependencies = [
 "vivanta-arch-aarch64",
 "vivanta-arch-api",
 "vivanta-boot-common",
 "vivanta-boot-info",
 "vivanta-kernel",
 "vivanta-platform-rk3568",
]

[[package]]
name = "vivanta-target-test"
version = "0.1.0"
dependencies = [
 "vivanta-arch-api",
 "vivanta-arch-test-stub",
 "vivanta-boot-common",
 "vivanta-boot-info",
 "vivanta-kernel",
]

[[package]]
name = "vivanta-target-x96q"
version = "0.1.0"
dependencies = [
 "vivanta-arch-aarch64",
 "vivanta-arch-api",
 "vivanta-boot-common",
 "vivanta-boot-info",
 "vivanta-kernel",
 "vivanta-platform-allwinner-h616",
]
