# This file is automatically @generated by Cargo.
# It is not intended for manual editing.
version = 4

[[package]]
name = "vivanta-arch-aarch64"
version = "0.1.0"
dependencies = [
 "vivanta-arch-api",
 "vivanta-boot-common",
]

[[package]]
name = "vivanta-arch-api"
version = "0.1.0"

[[package]]
name = "vivanta-arch-armv7a"
version = "0.1.0"
dependencies = [
 "vivanta-arch-api",
 "vivanta-boot-common",
]

[[package]]
name = "vivanta-arch-test-stub"
version = "0.1.0"
dependencies = [
 "vivanta-arch-api",
]

[[package]]
name = "vivanta-boot-common"
version = "0.1.0"
dependencies = [
 "vivanta-arch-api",
 "vivanta-boot-info",
]

[[package]]
name = "vivanta-boot-info"
version = "0.1.0"

[[package]]
name = "vivanta-kernel"
version = "0.1.0"
dependencies = [
 "vivanta-arch-api",
 "vivanta-boot-common",
 "vivanta-boot-info",
 "vivanta-vm",
]

[[package]]
name = "vivanta-mmu-test"
version = "0.1.0"

[[package]]
name = "vivanta-platform-allwinner-h616"
version = "0.1.0"
dependencies = [
 "vivanta-boot-common",
]

[[package]]
name = "vivanta-platform-amlogic"
version = "0.1.0"
dependencies = [
 "vivanta-boot-common",
]

[[package]]
name = "vivanta-platform-qemu"
version = "0.1.0"
dependencies = [
 "vivanta-boot-common",
]

[[package]]
name = "vivanta-platform-rk3568"
version = "0.1.0"
dependencies = [
 "vivanta-boot-common",
]

[[package]]
name = "vivanta-platform-rpi3b"
version = "0.1.0"
dependencies = [
 "vivanta-boot-common",
]

[[package]]
name = "vivanta-platform-sdm660"
version = "0.1.0"
dependencies = [
 "vivanta-boot-common",
]

[[package]]
name = "vivanta-target-lavender"
version = "0.1.0"
dependencies = [
 "vivanta-arch-aarch64",
 "vivanta-arch-api",
 "vivanta-boot-common",
 "vivanta-boot-info",
 "vivanta-kernel",
 "vivanta-platform-sdm660",
]

[[package]]
name = "vivanta-target-qemu-aarch64"
version = "0.1.0"
dependencies = [
 "vivanta-arch-aarch64",
 "vivanta-arch-api",
 "vivanta-boot-common",
 "vivanta-boot-info",
 "vivanta-kernel",
 "vivanta-platform-qemu",
]

[[package]]
name = "vivanta-target-rk3568"
version = "0.1.0"
dependencies = [
 "vivanta-boot-common",
]

[[package]]
name = "vivanta-target-rpi3b-plus"
version = "0.1.0"
dependencies = [
 "vivanta-arch-aarch64",
 "vivanta-arch-api",
 "vivanta-boot-common",
 "vivanta-boot-info",
 "vivanta-kernel",
 "vivanta-platform-rpi3b",
]

[[package]]
name = "vivanta-target-suma-q5"
version = "0.1.0"
dependencies = [
 "vivanta-arch-aarch64",
 "vivanta-arch-api",
 "vivanta-boot-common",
 "vivanta-boot-info",
 "vivanta-kernel",
 "vivanta-platform-amlogic",
]

[[package]]
name = "vivanta-target-test"
version = "0.1.0"
dependencies = [
 "vivanta-arch-api",
 "vivanta-arch-test-stub",
 "vivanta-boot-common",
 "vivanta-boot-info",
 "vivanta-kernel",
]

[[package]]
name = "vivanta-target-x96q"
version = "0.1.0"
dependencies = [
 "vivanta-arch-aarch64",
 "vivanta-arch-api",
 "vivanta-boot-common",
 "vivanta-boot-info",
 "vivanta-kernel",
 "vivanta-platform-allwinner-h616",
]

[[package]]
name = "vivanta-vm"
version = "0.1.0"
